PODS:
  - Alamofire (5.0.2)
  - FieryCrucible (3.0.1)
  - GoogleMaps (3.8.0):
    - GoogleMaps/Maps (= 3.8.0)
  - GoogleMaps/Base (3.8.0)
  - GoogleMaps/Maps (3.8.0):
    - GoogleMaps/Base
  - IQKeyboardManagerSwift (6.5.5)
  - ReachabilitySwift (5.0.0)

DEPENDENCIES:
  - Alamofire
  - FieryCrucible
  - GoogleMaps
  - IQKeyboardManagerSwift
  - ReachabilitySwift

SPEC REPOS:
  https://github.com/cocoapods/specs.git:
    - Alamofire
    - FieryCrucible
    - GoogleMaps
    - IQKeyboardManagerSwift
    - ReachabilitySwift

SPEC CHECKSUMS:
  Alamofire: 3ba7a4db18b4f62c4a1c0e1cb39d7f3d52e10ada
  FieryCrucible: 066a11813aa50ca2240c79239d85bfab45d23b35
  GoogleMaps: 7c8d66d70e4e8c300f43a7219d8fdaad7b325a9a
  IQKeyboardManagerSwift: 0fb93310284665245591f50f7a5e38de615960b7
  ReachabilitySwift: 985039c6f7b23a1da463388634119492ff86c825

PODFILE CHECKSUM: c56f37c011f9833f5fb6e5343144c2ebf7314bb3

COCOAPODS: 1.7.5
